
Microsoft Visual Studio Solution File, Format Version 12.00
# Visual Studio Version 16
VisualStudioVersion = 16.0.29806.167
MinimumVisualStudioVersion = 10.0.40219.1
Project("{9A19103F-16F7-4668-BE54-9A1E7A4F7556}") = "FluentValidationApp.Web", "FluentValidationApp.Web\FluentValidationApp.Web.csproj", "{81CA5390-1D8C-4A27-9D50-E990055CFDDF}"
EndProject
Project("{9A19103F-16F7-4668-BE54-9A1E7A4F7556}") = "RateLimit.API", "RateLimit.API\RateLimit.API.csproj", "{AEE2CF6B-EADC-400B-B44A-D2C160542D17}"
EndProject
Project("{9A19103F-16F7-4668-BE54-9A1E7A4F7556}") = "SmidgeApp.Web", "SmidgeApp.Web\SmidgeApp.Web.csproj", "{55FAF8D7-19B3-4165-833F-4177F08C21DC}"
EndProject
Project("{FAE04EC0-301F-11D3-BF4B-00C04F79EFBC}") = "HangFire.Web", "HangFire.Web\HangFire.Web.csproj", "{B54A9378-6947-487C-898E-F025BB14B743}"
EndProject
Global
	GlobalSection(SolutionConfigurationPlatforms) = preSolution
		Debug|Any CPU = Debug|Any CPU
		Release|Any CPU = Release|Any CPU
	EndGlobalSection
	GlobalSection(ProjectConfigurationPlatforms) = postSolution
		{81CA5390-1D8C-4A27-9D50-E990055CFDDF}.Debug|Any CPU.ActiveCfg = Debug|Any CPU
		{81CA5390-1D8C-4A27-9D50-E990055CFDDF}.Debug|Any CPU.Build.0 = Debug|Any CPU
		{81CA5390-1D8C-4A27-9D50-E990055CFDDF}.Release|Any CPU.ActiveCfg = Release|Any CPU
		{81CA5390-1D8C-4A27-9D50-E990055CFDDF}.Release|Any CPU.Build.0 = Release|Any CPU
		{AEE2CF6B-EADC-400B-B44A-D2C160542D17}.Debug|Any CPU.ActiveCfg = Debug|Any CPU
		{AEE2CF6B-EADC-400B-B44A-D2C160542D17}.Debug|Any CPU.Build.0 = Debug|Any CPU
		{AEE2CF6B-EADC-400B-B44A-D2C160542D17}.Release|Any CPU.ActiveCfg = Release|Any CPU
		{AEE2CF6B-EADC-400B-B44A-D2C160542D17}.Release|Any CPU.Build.0 = Release|Any CPU
		{55FAF8D7-19B3-4165-833F-4177F08C21DC}.Debug|Any CPU.ActiveCfg = Debug|Any CPU
		{55FAF8D7-19B3-4165-833F-4177F08C21DC}.Debug|Any CPU.Build.0 = Debug|Any CPU
		{55FAF8D7-19B3-4165-833F-4177F08C21DC}.Release|Any CPU.ActiveCfg = Release|Any CPU
		{55FAF8D7-19B3-4165-833F-4177F08C21DC}.Release|Any CPU.Build.0 = Release|Any CPU
		{B54A9378-6947-487C-898E-F025BB14B743}.Debug|Any CPU.ActiveCfg = Debug|Any CPU
		{B54A9378-6947-487C-898E-F025BB14B743}.Debug|Any CPU.Build.0 = Debug|Any CPU
		{B54A9378-6947-487C-898E-F025BB14B743}.Release|Any CPU.ActiveCfg = Release|Any CPU
		{B54A9378-6947-487C-898E-F025BB14B743}.Release|Any CPU.Build.0 = Release|Any CPU
	EndGlobalSection
	GlobalSection(SolutionProperties) = preSolution
		HideSolutionNode = FALSE
	EndGlobalSection
	GlobalSection(ExtensibilityGlobals) = postSolution
		SolutionGuid = {6CFB67A6-C2C5-42D8-82EC-22D7CA9C088E}
	EndGlobalSection
EndGlobal
